
Microsoft Visual Studio Solution File, Format Version 12.00
# Visual Studio Version 17
VisualStudioVersion = 17.4.33122.133
MinimumVisualStudioVersion = 10.0.40219.1
Project("{FAE04EC0-301F-11D3-BF4B-00C04F79EFBC}") = "EmployeeWageComputation", "EmployeeWageComputation\EmployeeWageComputation.csproj", "{68FD14DD-A19F-4FD4-8CE1-338F3D378960}"
EndProject
Global
	GlobalSection(SolutionConfigurationPlatforms) = preSolution
		Debug|Any CPU = Debug|Any CPU
		Release|Any CPU = Release|Any CPU
	EndGlobalSection
	GlobalSection(ProjectConfigurationPlatforms) = postSolution
		{68FD14DD-A19F-4FD4-8CE1-338F3D378960}.Debug|Any CPU.ActiveCfg = Debug|Any CPU
		{68FD14DD-A19F-4FD4-8CE1-338F3D378960}.Debug|Any CPU.Build.0 = Debug|Any CPU
		{68FD14DD-A19F-4FD4-8CE1-338F3D378960}.Release|Any CPU.ActiveCfg = Release|Any CPU
		{68FD14DD-A19F-4FD4-8CE1-338F3D378960}.Release|Any CPU.Build.0 = Release|Any CPU
	EndGlobalSection
	GlobalSection(SolutionProperties) = preSolution
		HideSolutionNode = FALSE
	EndGlobalSection
	GlobalSection(ExtensibilityGlobals) = postSolution
		SolutionGuid = {176FEDA0-EF93-4A02-B560-B457986D0664}
	EndGlobalSection
EndGlobal
